
Microsoft Visual Studio Solution File, Format Version 12.00
# Visual Studio Version 17
VisualStudioVersion = 17.6.33815.320
MinimumVisualStudioVersion = 10.0.40219.1
Project("{FAE04EC0-301F-11D3-BF4B-00C04F79EFBC}") = "Competition Tournament", "Competition Tournament\Competition Tournament.csproj", "{D3EC7D78-EAB1-49A1-BB95-361DFC94ECCB}"
EndProject
Global
	GlobalSection(SolutionConfigurationPlatforms) = preSolution
		Debug|Any CPU = Debug|Any CPU
		Release|Any CPU = Release|Any CPU
	EndGlobalSection
	GlobalSection(ProjectConfigurationPlatforms) = postSolution
		{D3EC7D78-EAB1-49A1-BB95-361DFC94ECCB}.Debug|Any CPU.ActiveCfg = Debug|Any CPU
		{D3EC7D78-EAB1-49A1-BB95-361DFC94ECCB}.Debug|Any CPU.Build.0 = Debug|Any CPU
		{D3EC7D78-EAB1-49A1-BB95-361DFC94ECCB}.Release|Any CPU.ActiveCfg = Release|Any CPU
		{D3EC7D78-EAB1-49A1-BB95-361DFC94ECCB}.Release|Any CPU.Build.0 = Release|Any CPU
	EndGlobalSection
	GlobalSection(SolutionProperties) = preSolution
		HideSolutionNode = FALSE
	EndGlobalSection
	GlobalSection(ExtensibilityGlobals) = postSolution
		SolutionGuid = {27B5AA54-21B9-480F-A5F6-92B076697BD9}
	EndGlobalSection
EndGlobal
